{
    "version": 3,
    "terraform_version": "0.8.5",
    "serial": 4,
    "lineage": "9cbb0e05-39a3-4cbf-8a64-fef78af2394a",
    "modules": [
        {
            "path": [
                "root"
            ],
            "outputs": {
                "vpc_id": {
                    "sensitive": false,
                    "type": "string",
                    "value": "vpc-dde73cb9"
                }
            },
            "resources": {
                "aws_instance.host": {
                    "type": "aws_instance",
                    "depends_on": [
                        "aws_key_pair.docker-host",
                        "aws_security_group.docker-host",
                        "aws_subnet.public_a",
                        "data.aws_ami.docker-host"
                    ],
                    "primary": {
                        "id": "i-036b0f473410a85f5",
                        "attributes": {
                            "ami": "ami-3ab0b659",
                            "associate_public_ip_address": "true",
                            "availability_zone": "ap-southeast-2a",
                            "disable_api_termination": "false",
                            "ebs_block_device.#": "0",
                            "ebs_optimized": "false",
                            "ephemeral_block_device.#": "0",
                            "iam_instance_profile": "",
                            "id": "i-036b0f473410a85f5",
                            "instance_state": "running",
                            "instance_type": "t2.micro",
                            "key_name": "docker-host",
                            "monitoring": "false",
                            "network_interface_id": "eni-b2bfe7f8",
                            "private_dns": "ip-10-1-1-224.ap-southeast-2.compute.internal",
                            "private_ip": "10.1.1.224",
                            "public_dns": "ec2-54-206-118-89.ap-southeast-2.compute.amazonaws.com",
                            "public_ip": "54.206.118.89",
                            "root_block_device.#": "1",
                            "root_block_device.0.delete_on_termination": "true",
                            "root_block_device.0.iops": "100",
                            "root_block_device.0.volume_size": "8",
                            "root_block_device.0.volume_type": "gp2",
                            "security_groups.#": "0",
                            "source_dest_check": "true",
                            "subnet_id": "subnet-c473fdb2",
                            "tags.%": "3",
                            "tags.Name": "docker-host-0",
                            "tags.Terraform": "Terraform",
                            "tags.VPC": "docker-host",
                            "tenancy": "default",
                            "vpc_security_group_ids.#": "1",
                            "vpc_security_group_ids.1230435032": "sg-6a20840d"
                        },
                        "meta": {
                            "schema_version": "1"
                        },
                        "tainted": false
                    },
                    "deposed": [],
                    "provider": ""
                },
                "aws_internet_gateway.gateway": {
                    "type": "aws_internet_gateway",
                    "depends_on": [
                        "aws_vpc.vpc"
                    ],
                    "primary": {
                        "id": "igw-aabe97cf",
                        "attributes": {
                            "id": "igw-aabe97cf",
                            "tags.%": "3",
                            "tags.Name": "docker-host-ig",
                            "tags.Terraform": "Terraform",
                            "tags.VPC": "docker-host",
                            "vpc_id": "vpc-dde73cb9"
                        },
                        "meta": {},
                        "tainted": false
                    },
                    "deposed": [],
                    "provider": ""
                },
                "aws_key_pair.docker-host": {
                    "type": "aws_key_pair",
                    "depends_on": [],
                    "primary": {
                        "id": "docker-host",
                        "attributes": {
                            "fingerprint": "8d:5f:f7:8a:7e:c1:90:33:13:d4:48:4f:df:55:0f:44",
                            "id": "docker-host",
                            "key_name": "docker-host",
                            "public_key": "ssh-rsa AAAAB3NzaC1yc2EAAAADAQABAAACAQDBhriE70glrlk4DKbOHm/DWDUbrkw0jBw/dlJ54zSLpm2JnJr/Mf0P1Q3kbq5k63yskXejRZutYrFIeoyhFTRAhym8qyAgGeyu0F78t3ZTmEasuKHzhVOrj6nOBzQk5A16vpKrQW1slijCWDH2avEqA2gc/g2QteamGECtm/KQflJhgRluWnbOrMYQirk0GB9gH9qEABUCK6fv4RJxZd/sTwToBafqNY2LpkBjDB0WX3T3PBKigE1oC2JffjwFd4ib8i3aPgnYy6ZJBqfoiSk48AN8fTOokk7irJFqnrHu3kolwaItFx8bZrfuLLNAHc9DWupJLDEPpcq67TEed8rWvMnJLxwXFbWP7YkpcSKN0uBWyaNrBjzRDgw1EoNYaYaAkNlaC9tu6rPQvHij32l9aKloF+wvSbYi09tf/C3Ymi5OQswA+aD8focnL53uyNpUusSdfporHmJFQ68tVBbsK9jRof4r2PgNCntcWd1hzSvm61xK58JaB6VpzwEhN5pfYYS20Gp3n+H7i0xIHAU5whabwRHmX70wKjSQLthwNTC6HNzVlLCQwe2jqCJ/H4tpLYX5MnM1NOIbPThqCSegGYB5WWcpTHKz/UbAPoIsFg9DAIfTI5y0g2EPiPJgzSTKwCmYI4De4mbdT7xLiP92oSKNwCao3Sm0p2/o1ieuRw== chris.purssell@gmail.com"
                        },
                        "meta": {
                            "schema_version": "1"
                        },
                        "tainted": false
                    },
                    "deposed": [],
                    "provider": ""
                },
                "aws_route_table.internet_gateway_routing": {
                    "type": "aws_route_table",
                    "depends_on": [
                        "aws_internet_gateway.gateway",
                        "aws_vpc.vpc"
                    ],
                    "primary": {
                        "id": "rtb-f4009b90",
                        "attributes": {
                            "id": "rtb-f4009b90",
                            "propagating_vgws.#": "0",
                            "route.#": "1",
                            "route.822623826.cidr_block": "0.0.0.0/0",
                            "route.822623826.gateway_id": "igw-aabe97cf",
                            "route.822623826.instance_id": "",
                            "route.822623826.nat_gateway_id": "",
                            "route.822623826.network_interface_id": "",
                            "route.822623826.vpc_peering_connection_id": "",
                            "tags.%": "3",
                            "tags.Name": "docker-host-route",
                            "tags.Terraform": "Terraform",
                            "tags.VPC": "docker-host",
                            "vpc_id": "vpc-dde73cb9"
                        },
                        "meta": {},
                        "tainted": false
                    },
                    "deposed": [],
                    "provider": ""
                },
                "aws_route_table_association.a": {
                    "type": "aws_route_table_association",
                    "depends_on": [
                        "aws_route_table.internet_gateway_routing",
                        "aws_subnet.public_a"
                    ],
                    "primary": {
                        "id": "rtbassoc-07c72960",
                        "attributes": {
                            "id": "rtbassoc-07c72960",
                            "route_table_id": "rtb-f4009b90",
                            "subnet_id": "subnet-c473fdb2"
                        },
                        "meta": {},
                        "tainted": false
                    },
                    "deposed": [],
                    "provider": ""
                },
                "aws_security_group.docker-host": {
                    "type": "aws_security_group",
                    "depends_on": [
                        "aws_vpc.vpc"
                    ],
                    "primary": {
                        "id": "sg-6a20840d",
                        "attributes": {
                            "description": "Security group for docker host",
                            "egress.#": "1",
                            "egress.482069346.cidr_blocks.#": "1",
                            "egress.482069346.cidr_blocks.0": "0.0.0.0/0",
                            "egress.482069346.from_port": "0",
                            "egress.482069346.prefix_list_ids.#": "0",
                            "egress.482069346.protocol": "-1",
                            "egress.482069346.security_groups.#": "0",
                            "egress.482069346.self": "false",
                            "egress.482069346.to_port": "0",
                            "id": "sg-6a20840d",
                            "ingress.#": "0",
                            "name": "docker-host-sg",
                            "owner_id": "153717179956",
                            "tags.%": "3",
                            "tags.Name": "docker-host-sg",
                            "tags.Terraform": "Terraform",
                            "tags.VPC": "docker-host",
                            "vpc_id": "vpc-dde73cb9"
                        },
                        "meta": {},
                        "tainted": false
                    },
                    "deposed": [],
                    "provider": ""
                },
                "aws_subnet.public_a": {
                    "type": "aws_subnet",
                    "depends_on": [
                        "aws_vpc.vpc",
                        "aws_vpc.vpc",
                        "data.aws_availability_zones.available"
                    ],
                    "primary": {
                        "id": "subnet-c473fdb2",
                        "attributes": {
                            "availability_zone": "ap-southeast-2a",
                            "cidr_block": "10.1.1.0/24",
                            "id": "subnet-c473fdb2",
                            "map_public_ip_on_launch": "false",
                            "tags.%": "3",
                            "tags.Name": "docker-host-subnet_public_a",
                            "tags.Terraform": "Terraform",
                            "tags.VPC": "docker-host",
                            "vpc_id": "vpc-dde73cb9"
                        },
                        "meta": {},
                        "tainted": false
                    },
                    "deposed": [],
                    "provider": ""
                },
                "aws_vpc.vpc": {
                    "type": "aws_vpc",
                    "depends_on": [],
                    "primary": {
                        "id": "vpc-dde73cb9",
                        "attributes": {
                            "cidr_block": "10.1.0.0/16",
                            "default_network_acl_id": "acl-c40392a0",
                            "default_route_table_id": "rtb-eb009b8f",
                            "default_security_group_id": "sg-6d20840a",
                            "dhcp_options_id": "dopt-a2d9c6c7",
                            "enable_classiclink": "false",
                            "enable_dns_hostnames": "true",
                            "enable_dns_support": "true",
                            "id": "vpc-dde73cb9",
                            "instance_tenancy": "default",
                            "main_route_table_id": "rtb-eb009b8f",
                            "tags.%": "3",
                            "tags.Name": "docker-host-vpc",
                            "tags.Terraform": "Terraform",
                            "tags.VPC": "docker-host"
                        },
                        "meta": {},
                        "tainted": false
                    },
                    "deposed": [],
                    "provider": ""
                },
                "data.aws_ami.docker-host": {
                    "type": "aws_ami",
                    "depends_on": [],
                    "primary": {
                        "id": "ami-3ab0b659",
                        "attributes": {
                            "architecture": "x86_64",
                            "block_device_mappings.#": "3",
                            "block_device_mappings.1634610537.device_name": "/dev/sdb",
                            "block_device_mappings.1634610537.ebs.%": "0",
                            "block_device_mappings.1634610537.no_device": "",
                            "block_device_mappings.1634610537.virtual_name": "ephemeral0",
                            "block_device_mappings.2547816212.device_name": "/dev/sda1",
                            "block_device_mappings.2547816212.ebs.%": "6",
                            "block_device_mappings.2547816212.ebs.delete_on_termination": "true",
                            "block_device_mappings.2547816212.ebs.encrypted": "false",
                            "block_device_mappings.2547816212.ebs.iops": "0",
                            "block_device_mappings.2547816212.ebs.snapshot_id": "snap-0e0ade31316992210",
                            "block_device_mappings.2547816212.ebs.volume_size": "8",
                            "block_device_mappings.2547816212.ebs.volume_type": "gp2",
                            "block_device_mappings.2547816212.no_device": "",
                            "block_device_mappings.2547816212.virtual_name": "",
                            "block_device_mappings.3850042718.device_name": "/dev/sdc",
                            "block_device_mappings.3850042718.ebs.%": "0",
                            "block_device_mappings.3850042718.no_device": "",
                            "block_device_mappings.3850042718.virtual_name": "ephemeral1",
                            "creation_date": "2017-02-07T13:31:14.000Z",
                            "filter.#": "1",
                            "filter.3427934780.name": "tag:Packer_Intent",
                            "filter.3427934780.values.#": "1",
                            "filter.3427934780.values.0": "docker-host",
                            "hypervisor": "xen",
                            "id": "ami-3ab0b659",
                            "image_id": "ami-3ab0b659",
                            "image_location": "153717179956/docker-host_5899cb8c-f568-478d-bcac-dfc4e17d174e",
                            "image_type": "machine",
                            "most_recent": "true",
                            "name": "docker-host_5899cb8c-f568-478d-bcac-dfc4e17d174e",
                            "owner_id": "153717179956",
                            "owners.#": "1",
                            "owners.0": "self",
                            "product_codes.#": "0",
                            "public": "false",
                            "root_device_name": "/dev/sda1",
                            "root_device_type": "ebs",
                            "sriov_net_support": "simple",
                            "state": "available",
                            "state_reason.%": "2",
                            "state_reason.code": "UNSET",
                            "state_reason.message": "UNSET",
                            "tags.#": "3",
                            "tags.1046746156.key": "OS_Version",
                            "tags.1046746156.value": "Ubuntu",
                            "tags.2780961499.key": "Packer_Intent",
                            "tags.2780961499.value": "docker-host",
                            "tags.2995218853.key": "Release",
                            "tags.2995218853.value": "16.04",
                            "virtualization_type": "hvm"
                        },
                        "meta": {},
                        "tainted": false
                    },
                    "deposed": [],
                    "provider": ""
                },
                "data.aws_availability_zones.available": {
                    "type": "aws_availability_zones",
                    "depends_on": [],
                    "primary": {
                        "id": "2017-02-07 14:13:54.6349627 +0000 UTC",
                        "attributes": {
                            "id": "2017-02-07 14:13:54.6349627 +0000 UTC",
                            "names.#": "3",
                            "names.0": "ap-southeast-2a",
                            "names.1": "ap-southeast-2b",
                            "names.2": "ap-southeast-2c"
                        },
                        "meta": {},
                        "tainted": false
                    },
                    "deposed": [],
                    "provider": ""
                }
            },
            "depends_on": []
        }
    ]
}
