{
    "version": 3,
    "terraform_version": "0.8.5",
    "serial": 16,
    "lineage": "17f4ce06-0836-4fbb-9dc5-903cd56c4995",
    "modules": [
        {
            "path": [
                "root"
            ],
            "outputs": {
                "packer_security_group": {
                    "sensitive": false,
                    "type": "string",
                    "value": "sg-f24bef95"
                },
                "packer_subnet": {
                    "sensitive": false,
                    "type": "string",
                    "value": "subnet-237ff155"
                },
                "packer_vpc": {
                    "sensitive": false,
                    "type": "string",
                    "value": "vpc-dfeb30bb"
                }
            },
            "resources": {
                "aws_internet_gateway.gateway": {
                    "type": "aws_internet_gateway",
                    "depends_on": [
                        "aws_vpc.vpc"
                    ],
                    "primary": {
                        "id": "igw-ada78ec8",
                        "attributes": {
                            "id": "igw-ada78ec8",
                            "tags.%": "3",
                            "tags.Name": "packer_factory-ig",
                            "tags.Terraform": "Terraform",
                            "tags.VPC": "packer_factory",
                            "vpc_id": "vpc-dfeb30bb"
                        },
                        "meta": {},
                        "tainted": false
                    },
                    "deposed": [],
                    "provider": ""
                },
                "aws_route_table.internet_gateway_routing": {
                    "type": "aws_route_table",
                    "depends_on": [
                        "aws_internet_gateway.gateway",
                        "aws_vpc.vpc"
                    ],
                    "primary": {
                        "id": "rtb-b9178cdd",
                        "attributes": {
                            "id": "rtb-b9178cdd",
                            "propagating_vgws.#": "0",
                            "route.#": "1",
                            "route.3142905929.cidr_block": "0.0.0.0/0",
                            "route.3142905929.gateway_id": "igw-ada78ec8",
                            "route.3142905929.instance_id": "",
                            "route.3142905929.nat_gateway_id": "",
                            "route.3142905929.network_interface_id": "",
                            "route.3142905929.vpc_peering_connection_id": "",
                            "tags.%": "3",
                            "tags.Name": "packer_factory-route",
                            "tags.Terraform": "Terraform",
                            "tags.VPC": "packer_factory",
                            "vpc_id": "vpc-dfeb30bb"
                        },
                        "meta": {},
                        "tainted": false
                    },
                    "deposed": [],
                    "provider": ""
                },
                "aws_route_table_association.a": {
                    "type": "aws_route_table_association",
                    "depends_on": [
                        "aws_route_table.internet_gateway_routing",
                        "aws_subnet.public_a"
                    ],
                    "primary": {
                        "id": "rtbassoc-2efb1549",
                        "attributes": {
                            "id": "rtbassoc-2efb1549",
                            "route_table_id": "rtb-b9178cdd",
                            "subnet_id": "subnet-237ff155"
                        },
                        "meta": {},
                        "tainted": false
                    },
                    "deposed": [],
                    "provider": ""
                },
                "aws_security_group.packer_factory": {
                    "type": "aws_security_group",
                    "depends_on": [
                        "aws_vpc.vpc"
                    ],
                    "primary": {
                        "id": "sg-f24bef95",
                        "attributes": {
                            "description": "Security group for temporary instances used by Packer while building AMIs",
                            "egress.#": "1",
                            "egress.482069346.cidr_blocks.#": "1",
                            "egress.482069346.cidr_blocks.0": "0.0.0.0/0",
                            "egress.482069346.from_port": "0",
                            "egress.482069346.prefix_list_ids.#": "0",
                            "egress.482069346.protocol": "-1",
                            "egress.482069346.security_groups.#": "0",
                            "egress.482069346.self": "false",
                            "egress.482069346.to_port": "0",
                            "id": "sg-f24bef95",
                            "ingress.#": "1",
                            "ingress.2541437006.cidr_blocks.#": "1",
                            "ingress.2541437006.cidr_blocks.0": "0.0.0.0/0",
                            "ingress.2541437006.from_port": "22",
                            "ingress.2541437006.protocol": "tcp",
                            "ingress.2541437006.security_groups.#": "0",
                            "ingress.2541437006.self": "false",
                            "ingress.2541437006.to_port": "22",
                            "name": "packer_factory-sg",
                            "owner_id": "153717179956",
                            "tags.%": "3",
                            "tags.Name": "packer_factory-sg",
                            "tags.Terraform": "Terraform",
                            "tags.VPC": "packer_factory",
                            "vpc_id": "vpc-dfeb30bb"
                        },
                        "meta": {},
                        "tainted": false
                    },
                    "deposed": [],
                    "provider": ""
                },
                "aws_subnet.public_a": {
                    "type": "aws_subnet",
                    "depends_on": [
                        "aws_vpc.vpc",
                        "aws_vpc.vpc",
                        "data.aws_availability_zones.available"
                    ],
                    "primary": {
                        "id": "subnet-237ff155",
                        "attributes": {
                            "availability_zone": "ap-southeast-2a",
                            "cidr_block": "10.2.1.0/24",
                            "id": "subnet-237ff155",
                            "map_public_ip_on_launch": "false",
                            "tags.%": "3",
                            "tags.Name": "packer_factory-subnet_public_a",
                            "tags.Terraform": "Terraform",
                            "tags.VPC": "packer_factory",
                            "vpc_id": "vpc-dfeb30bb"
                        },
                        "meta": {},
                        "tainted": false
                    },
                    "deposed": [],
                    "provider": ""
                },
                "aws_vpc.vpc": {
                    "type": "aws_vpc",
                    "depends_on": [],
                    "primary": {
                        "id": "vpc-dfeb30bb",
                        "attributes": {
                            "cidr_block": "10.2.0.0/16",
                            "default_network_acl_id": "acl-d41584b0",
                            "default_route_table_id": "rtb-b3178cd7",
                            "default_security_group_id": "sg-e84bef8f",
                            "dhcp_options_id": "dopt-a2d9c6c7",
                            "enable_classiclink": "false",
                            "enable_dns_hostnames": "false",
                            "enable_dns_support": "true",
                            "id": "vpc-dfeb30bb",
                            "instance_tenancy": "default",
                            "main_route_table_id": "rtb-b3178cd7",
                            "tags.%": "3",
                            "tags.Name": "packer_factory-vpc",
                            "tags.Terraform": "Terraform",
                            "tags.VPC": "packer_factory"
                        },
                        "meta": {},
                        "tainted": false
                    },
                    "deposed": [],
                    "provider": ""
                },
                "data.aws_availability_zones.available": {
                    "type": "aws_availability_zones",
                    "depends_on": [],
                    "primary": {
                        "id": "2017-02-07 13:28:35.9185773 +0000 UTC",
                        "attributes": {
                            "id": "2017-02-07 13:28:35.9185773 +0000 UTC",
                            "names.#": "3",
                            "names.0": "ap-southeast-2a",
                            "names.1": "ap-southeast-2b",
                            "names.2": "ap-southeast-2c"
                        },
                        "meta": {},
                        "tainted": false
                    },
                    "deposed": [],
                    "provider": ""
                }
            },
            "depends_on": []
        }
    ]
}
